
Microsoft Visual Studio Solution File, Format Version 12.00
# Visual Studio Version 17
VisualStudioVersion = 17.5.002.0
MinimumVisualStudioVersion = 10.0.40219.1
Project("{9A19103F-16F7-4668-BE54-9A1E7A4F7556}") = "task52", "task52\task52.csproj", "{0C5C67EF-0AAA-4C52-A0F0-EDDD29020231}"
EndProject
Project("{9A19103F-16F7-4668-BE54-9A1E7A4F7556}") = "task47", "task47\task47.csproj", "{929F554D-D5F9-4D46-8FC8-35848A746FBF}"
EndProject
Project("{9A19103F-16F7-4668-BE54-9A1E7A4F7556}") = "task50", "task50\task50.csproj", "{8C4D8E66-115D-464E-A0C9-F66739D3AAB4}"
EndProject
Global
	GlobalSection(SolutionConfigurationPlatforms) = preSolution
		Debug|Any CPU = Debug|Any CPU
		Release|Any CPU = Release|Any CPU
	EndGlobalSection
	GlobalSection(ProjectConfigurationPlatforms) = postSolution
		{0C5C67EF-0AAA-4C52-A0F0-EDDD29020231}.Debug|Any CPU.ActiveCfg = Debug|Any CPU
		{0C5C67EF-0AAA-4C52-A0F0-EDDD29020231}.Debug|Any CPU.Build.0 = Debug|Any CPU
		{0C5C67EF-0AAA-4C52-A0F0-EDDD29020231}.Release|Any CPU.ActiveCfg = Release|Any CPU
		{0C5C67EF-0AAA-4C52-A0F0-EDDD29020231}.Release|Any CPU.Build.0 = Release|Any CPU
		{929F554D-D5F9-4D46-8FC8-35848A746FBF}.Debug|Any CPU.ActiveCfg = Debug|Any CPU
		{929F554D-D5F9-4D46-8FC8-35848A746FBF}.Debug|Any CPU.Build.0 = Debug|Any CPU
		{929F554D-D5F9-4D46-8FC8-35848A746FBF}.Release|Any CPU.ActiveCfg = Release|Any CPU
		{929F554D-D5F9-4D46-8FC8-35848A746FBF}.Release|Any CPU.Build.0 = Release|Any CPU
		{8C4D8E66-115D-464E-A0C9-F66739D3AAB4}.Debug|Any CPU.ActiveCfg = Debug|Any CPU
		{8C4D8E66-115D-464E-A0C9-F66739D3AAB4}.Debug|Any CPU.Build.0 = Debug|Any CPU
		{8C4D8E66-115D-464E-A0C9-F66739D3AAB4}.Release|Any CPU.ActiveCfg = Release|Any CPU
		{8C4D8E66-115D-464E-A0C9-F66739D3AAB4}.Release|Any CPU.Build.0 = Release|Any CPU
	EndGlobalSection
	GlobalSection(SolutionProperties) = preSolution
		HideSolutionNode = FALSE
	EndGlobalSection
	GlobalSection(ExtensibilityGlobals) = postSolution
		SolutionGuid = {B8F523DA-B062-49DB-830D-66D5FF653D82}
	EndGlobalSection
EndGlobal
